
Microsoft Visual Studio Solution File, Format Version 12.00
# Visual Studio Version 17
VisualStudioVersion = 17.7.34024.191
MinimumVisualStudioVersion = 10.0.40219.1
Project("{FAE04EC0-301F-11D3-BF4B-00C04F79EFBC}") = "aproject", "aproject.csproj", "{1EAF6810-8774-4746-B486-86EE73A0F44C}"
EndProject
Global
	GlobalSection(SolutionConfigurationPlatforms) = preSolution
		Debug|Any CPU = Debug|Any CPU
		Release|Any CPU = Release|Any CPU
	EndGlobalSection
	GlobalSection(ProjectConfigurationPlatforms) = postSolution
		{1EAF6810-8774-4746-B486-86EE73A0F44C}.Debug|Any CPU.ActiveCfg = Debug|Any CPU
		{1EAF6810-8774-4746-B486-86EE73A0F44C}.Debug|Any CPU.Build.0 = Debug|Any CPU
		{1EAF6810-8774-4746-B486-86EE73A0F44C}.Release|Any CPU.ActiveCfg = Release|Any CPU
		{1EAF6810-8774-4746-B486-86EE73A0F44C}.Release|Any CPU.Build.0 = Release|Any CPU
	EndGlobalSection
	GlobalSection(SolutionProperties) = preSolution
		HideSolutionNode = FALSE
	EndGlobalSection
	GlobalSection(ExtensibilityGlobals) = postSolution
		SolutionGuid = {A24845C2-85BF-4BE8-A67B-947F1FFFDE4B}
	EndGlobalSection
EndGlobal
